
Microsoft Visual Studio Solution File, Format Version 12.00
# Visual Studio 2012
Project("{FAE04EC0-301F-11D3-BF4B-00C04F79EFBC}") = "SpotifyServer", "SpotifyServer\SpotifyServer.csproj", "{295859ED-6055-463E-AEA7-CBADB2FDB066}"
EndProject
Global
	GlobalSection(SolutionConfigurationPlatforms) = preSolution
		Debug|Any CPU = Debug|Any CPU
		Release|Any CPU = Release|Any CPU
	EndGlobalSection
	GlobalSection(ProjectConfigurationPlatforms) = postSolution
		{295859ED-6055-463E-AEA7-CBADB2FDB066}.Debug|Any CPU.ActiveCfg = Debug|Any CPU
		{295859ED-6055-463E-AEA7-CBADB2FDB066}.Debug|Any CPU.Build.0 = Debug|Any CPU
		{295859ED-6055-463E-AEA7-CBADB2FDB066}.Release|Any CPU.ActiveCfg = Release|Any CPU
		{295859ED-6055-463E-AEA7-CBADB2FDB066}.Release|Any CPU.Build.0 = Release|Any CPU
	EndGlobalSection
	GlobalSection(SolutionProperties) = preSolution
		HideSolutionNode = FALSE
	EndGlobalSection
EndGlobal
